Microsoft Visual Studio Solution File, Format Version 12.00
# Visual Studio 2012
Project("{FAE04EC0-301F-11D3-BF4B-00C04F79EFBC}") = "Novo Projeto de Jogo 2D", "Novo Projeto de Jogo 2D.csproj", "{4F532B8C-64BC-4F61-852E-FE82529B0E66}"
EndProject
Global
	GlobalSection(SolutionConfigurationPlatforms) = preSolution
	Debug|Any CPU = Debug|Any CPU
	ExportDebug|Any CPU = ExportDebug|Any CPU
	ExportRelease|Any CPU = ExportRelease|Any CPU
	EndGlobalSection
	GlobalSection(ProjectConfigurationPlatforms) = postSolution
		{4F532B8C-64BC-4F61-852E-FE82529B0E66}.Debug|Any CPU.ActiveCfg = Debug|Any CPU
		{4F532B8C-64BC-4F61-852E-FE82529B0E66}.Debug|Any CPU.Build.0 = Debug|Any CPU
		{4F532B8C-64BC-4F61-852E-FE82529B0E66}.ExportDebug|Any CPU.ActiveCfg = ExportDebug|Any CPU
		{4F532B8C-64BC-4F61-852E-FE82529B0E66}.ExportDebug|Any CPU.Build.0 = ExportDebug|Any CPU
		{4F532B8C-64BC-4F61-852E-FE82529B0E66}.ExportRelease|Any CPU.ActiveCfg = ExportRelease|Any CPU
		{4F532B8C-64BC-4F61-852E-FE82529B0E66}.ExportRelease|Any CPU.Build.0 = ExportRelease|Any CPU
	EndGlobalSection
EndGlobal
